
Microsoft Visual Studio Solution File, Format Version 12.00
# Visual Studio Version 16
VisualStudioVersion = 16.0.30128.74
MinimumVisualStudioVersion = 10.0.40219.1
Project("{8BC9CEB8-8B4A-11D0-8D11-00A0C91BC942}") = "2.0", "2.0\2.0.vcxproj", "{DF667F5E-37A2-408F-80F8-B596A2C0DB29}"
EndProject
Global
	GlobalSection(SolutionConfigurationPlatforms) = preSolution
		Debug|x64 = Debug|x64
		Debug|x86 = Debug|x86
		Release|x64 = Release|x64
		Release|x86 = Release|x86
	EndGlobalSection
	GlobalSection(ProjectConfigurationPlatforms) = postSolution
		{DF667F5E-37A2-408F-80F8-B596A2C0DB29}.Debug|x64.ActiveCfg = Debug|x64
		{DF667F5E-37A2-408F-80F8-B596A2C0DB29}.Debug|x64.Build.0 = Debug|x64
		{DF667F5E-37A2-408F-80F8-B596A2C0DB29}.Debug|x86.ActiveCfg = Debug|Win32
		{DF667F5E-37A2-408F-80F8-B596A2C0DB29}.Debug|x86.Build.0 = Debug|Win32
		{DF667F5E-37A2-408F-80F8-B596A2C0DB29}.Release|x64.ActiveCfg = Release|x64
		{DF667F5E-37A2-408F-80F8-B596A2C0DB29}.Release|x64.Build.0 = Release|x64
		{DF667F5E-37A2-408F-80F8-B596A2C0DB29}.Release|x86.ActiveCfg = Release|Win32
		{DF667F5E-37A2-408F-80F8-B596A2C0DB29}.Release|x86.Build.0 = Release|Win32
	EndGlobalSection
	GlobalSection(SolutionProperties) = preSolution
		HideSolutionNode = FALSE
	EndGlobalSection
	GlobalSection(ExtensibilityGlobals) = postSolution
		SolutionGuid = {7F90C3F8-6DA9-4D98-81AF-8A8C162575F5}
	EndGlobalSection
EndGlobal
