
Microsoft Visual Studio Solution File, Format Version 12.00
# Visual Studio Version 16
VisualStudioVersion = 16.0.30011.22
MinimumVisualStudioVersion = 10.0.40219.1
Project("{8BC9CEB8-8B4A-11D0-8D11-00A0C91BC942}") = "Mancala5_LS", "Mancala5_LS\Mancala5_LS.vcxproj", "{7EF364E9-1972-423F-9B69-A0A62753A01E}"
EndProject
Global
	GlobalSection(SolutionConfigurationPlatforms) = preSolution
		Debug|x64 = Debug|x64
		Debug|x86 = Debug|x86
		Release|x64 = Release|x64
		Release|x86 = Release|x86
	EndGlobalSection
	GlobalSection(ProjectConfigurationPlatforms) = postSolution
		{7EF364E9-1972-423F-9B69-A0A62753A01E}.Debug|x64.ActiveCfg = Debug|x64
		{7EF364E9-1972-423F-9B69-A0A62753A01E}.Debug|x64.Build.0 = Debug|x64
		{7EF364E9-1972-423F-9B69-A0A62753A01E}.Debug|x86.ActiveCfg = Debug|Win32
		{7EF364E9-1972-423F-9B69-A0A62753A01E}.Debug|x86.Build.0 = Debug|Win32
		{7EF364E9-1972-423F-9B69-A0A62753A01E}.Release|x64.ActiveCfg = Release|x64
		{7EF364E9-1972-423F-9B69-A0A62753A01E}.Release|x64.Build.0 = Release|x64
		{7EF364E9-1972-423F-9B69-A0A62753A01E}.Release|x86.ActiveCfg = Release|Win32
		{7EF364E9-1972-423F-9B69-A0A62753A01E}.Release|x86.Build.0 = Release|Win32
	EndGlobalSection
	GlobalSection(SolutionProperties) = preSolution
		HideSolutionNode = FALSE
	EndGlobalSection
	GlobalSection(ExtensibilityGlobals) = postSolution
		SolutionGuid = {787FD10A-1B52-4B4D-B3A0-CCA51FC9357A}
	EndGlobalSection
EndGlobal
